{
  "name": "@bobfrankston/lzlan",
  "version": "1.2.4",
  "lockfileVersion": 1,
  "requires": true,
  "dependencies": {
    "@types/node": {
      "version": "10.14.9",
      "resolved": "https://registry.npmjs.org/@types/node/-/node-10.14.9.tgz",
      "integrity": "sha512-NelG/dSahlXYtSoVPErrp06tYFrvzj8XLWmKA+X8x0W//4MqbUyZu++giUG/v0bjAT6/Qxa8IjodrfdACyb0Fg=="
    },
    "node": {
      "version": "10.16.0",
      "resolved": "https://registry.npmjs.org/node/-/node-10.16.0.tgz",
      "integrity": "sha512-6phFAHRWG1aQWp7AGj5zzBTB6b4re4tAJaW0ScxdwWqdPyEEn+DkfcgMxRJk9zbbE59SXBoX/LUHF/52ts9htQ==",
      "requires": {
        "node-bin-setup": "^1.0.0"
      }
    },
    "node-bin-setup": {
      "version": "1.0.6",
      "resolved": "https://registry.npmjs.org/node-bin-setup/-/node-bin-setup-1.0.6.tgz",
      "integrity": "sha512-uPIxXNis1CRbv1DwqAxkgBk5NFV3s7cMN/Gf556jSw6jBvV7ca4F9lRL/8cALcZecRibeqU+5dFYqFFmzv5a0Q=="
    },
    "typescript": {
      "version": "3.5.2",
      "resolved": "https://registry.npmjs.org/typescript/-/typescript-3.5.2.tgz",
      "integrity": "sha512-7KxJovlYhTX5RaRbUdkAXN1KUZ8PwWlTzQdHV6xNqvuFOs7+WBo10TQUqT19Q/Jz2hk5v9TQDIhyLhhJY4p5AA==",
      "dev": true
    }
  }
}
